
Microsoft Visual Studio Solution File, Format Version 12.00
# Visual Studio Version 17
VisualStudioVersion = 17.14.36109.1
MinimumVisualStudioVersion = 10.0.40219.1
Project("{FAE04EC0-301F-11D3-BF4B-00C04F79EFBC}") = "Online Store", "Online Store\Online Store.csproj", "{1E1933FE-9FDB-41D7-80BC-2D6206CA6784}"
EndProject
Project("{FAE04EC0-301F-11D3-BF4B-00C04F79EFBC}") = "Services", "Services\Services.csproj", "{1E472EEA-B1EC-47D1-A29C-A36F623D7B77}"
EndProject
Project("{FAE04EC0-301F-11D3-BF4B-00C04F79EFBC}") = "Entity", "Entity\Entity.csproj", "{B7A14694-4B01-4D77-8B5E-BF3E042D5BF9}"
EndProject
Project("{FAE04EC0-301F-11D3-BF4B-00C04F79EFBC}") = "ServicesContract", "ServicesContract\ServicesContract.csproj", "{256E5903-8E9D-438A-B07A-107A88B00769}"
EndProject
Global
	GlobalSection(SolutionConfigurationPlatforms) = preSolution
		Debug|Any CPU = Debug|Any CPU
		Release|Any CPU = Release|Any CPU
	EndGlobalSection
	GlobalSection(ProjectConfigurationPlatforms) = postSolution
		{1E1933FE-9FDB-41D7-80BC-2D6206CA6784}.Debug|Any CPU.ActiveCfg = Debug|Any CPU
		{1E1933FE-9FDB-41D7-80BC-2D6206CA6784}.Debug|Any CPU.Build.0 = Debug|Any CPU
		{1E1933FE-9FDB-41D7-80BC-2D6206CA6784}.Release|Any CPU.ActiveCfg = Release|Any CPU
		{1E1933FE-9FDB-41D7-80BC-2D6206CA6784}.Release|Any CPU.Build.0 = Release|Any CPU
		{1E472EEA-B1EC-47D1-A29C-A36F623D7B77}.Debug|Any CPU.ActiveCfg = Debug|Any CPU
		{1E472EEA-B1EC-47D1-A29C-A36F623D7B77}.Debug|Any CPU.Build.0 = Debug|Any CPU
		{1E472EEA-B1EC-47D1-A29C-A36F623D7B77}.Release|Any CPU.ActiveCfg = Release|Any CPU
		{1E472EEA-B1EC-47D1-A29C-A36F623D7B77}.Release|Any CPU.Build.0 = Release|Any CPU
		{B7A14694-4B01-4D77-8B5E-BF3E042D5BF9}.Debug|Any CPU.ActiveCfg = Debug|Any CPU
		{B7A14694-4B01-4D77-8B5E-BF3E042D5BF9}.Debug|Any CPU.Build.0 = Debug|Any CPU
		{B7A14694-4B01-4D77-8B5E-BF3E042D5BF9}.Release|Any CPU.ActiveCfg = Release|Any CPU
		{B7A14694-4B01-4D77-8B5E-BF3E042D5BF9}.Release|Any CPU.Build.0 = Release|Any CPU
		{256E5903-8E9D-438A-B07A-107A88B00769}.Debug|Any CPU.ActiveCfg = Debug|Any CPU
		{256E5903-8E9D-438A-B07A-107A88B00769}.Debug|Any CPU.Build.0 = Debug|Any CPU
		{256E5903-8E9D-438A-B07A-107A88B00769}.Release|Any CPU.ActiveCfg = Release|Any CPU
		{256E5903-8E9D-438A-B07A-107A88B00769}.Release|Any CPU.Build.0 = Release|Any CPU
	EndGlobalSection
	GlobalSection(SolutionProperties) = preSolution
		HideSolutionNode = FALSE
	EndGlobalSection
	GlobalSection(ExtensibilityGlobals) = postSolution
		SolutionGuid = {843F538E-C815-41B7-AA1C-211EC4F4D99C}
	EndGlobalSection
EndGlobal
